// !$*UTF8*$!
{
	archiveVersion = 1;
	classes = {
	};
	objectVersion = 46;
	objects = {

/* Begin PBXBuildFile section */
		595A017F1D5EA22500F826F3 /* AppDelegate.swift in Sources */ = {isa = PBXBuildFile; fileRef = 595A017E1D5EA22500F826F3 /* AppDelegate.swift */; };
		595A01811D5EA22500F826F3 /* ViewController.swift in Sources */ = {isa = PBXBuildFile; fileRef = 595A01801D5EA22500F826F3 /* ViewController.swift */; };
		595A01841D5EA22500F826F3 /* Main.storyboard in Resources */ = {isa = PBXBuildFile; fileRef = 595A01821D5EA22500F826F3 /* Main.storyboard */; };
		595A01861D5EA22500F826F3 /* Assets.xcassets in Resources */ = {isa = PBXBuildFile; fileRef = 595A01851D5EA22500F826F3 /* Assets.xcassets */; };
		595A01891D5EA22500F826F3 /* LaunchScreen.storyboard in Resources */ = {isa = PBXBuildFile; fileRef = 595A01871D5EA22500F826F3 /* LaunchScreen.storyboard */; };
		595A01971D5EA25500F826F3 /* KeyboardViewController.swift in Sources */ = {isa = PBXBuildFile; fileRef = 595A01961D5EA25500F826F3 /* KeyboardViewController.swift */; };
		595A019B1D5EA25500F826F3 /* keyboard.appex in Embed App Extensions */ = {isa = PBXBuildFile; fileRef = 595A01941D5EA25500F826F3 /* keyboard.appex */; settings = {ATTRIBUTES = (RemoveHeadersOnCopy, ); }; };
		59D3D18B1D60816A00172EFE /* StatisticVC.swift in Sources */ = {isa = PBXBuildFile; fileRef = 59D3D18A1D60816A00172EFE /* StatisticVC.swift */; };
		59D3D18D1D60818000172EFE /* GraphVC.swift in Sources */ = {isa = PBXBuildFile; fileRef = 59D3D18C1D60818000172EFE /* GraphVC.swift */; };
		59D3D1921D608D6C00172EFE /* CustomCell.swift in Sources */ = {isa = PBXBuildFile; fileRef = 59D3D1901D608D6C00172EFE /* CustomCell.swift */; };
		59D3D1931D608D6C00172EFE /* CustomCell.xib in Resources */ = {isa = PBXBuildFile; fileRef = 59D3D1911D608D6C00172EFE /* CustomCell.xib */; };
		59D3D1971D609BB600172EFE /* Suggestion.swift in Sources */ = {isa = PBXBuildFile; fileRef = 59D3D1961D609BB600172EFE /* Suggestion.swift */; };
		59D3D1991D609BC300172EFE /* View.xib in Resources */ = {isa = PBXBuildFile; fileRef = 59D3D1981D609BC300172EFE /* View.xib */; };
/* End PBXBuildFile section */

/* Begin PBXContainerItemProxy section */
		595A01991D5EA25500F826F3 /* PBXContainerItemProxy */ = {
			isa = PBXContainerItemProxy;
			containerPortal = 595A01731D5EA22500F826F3 /* Project object */;
			proxyType = 1;
			remoteGlobalIDString = 595A01931D5EA25500F826F3;
			remoteInfo = keyboard;
		};
/* End PBXContainerItemProxy section */

/* Begin PBXCopyFilesBuildPhase section */
		595A019F1D5EA25500F826F3 /* Embed App Extensions */ = {
			isa = PBXCopyFilesBuildPhase;
			buildActionMask = 2147483647;
			dstPath = "";
			dstSubfolderSpec = 13;
			files = (
				595A019B1D5EA25500F826F3 /* keyboard.appex in Embed App Extensions */,
			);
			name = "Embed App Extensions";
			runOnlyForDeploymentPostprocessing = 0;
		};
/* End PBXCopyFilesBuildPhase section */

/* Begin PBXFileReference section */
		595A017B1D5EA22500F826F3 /* NoProfanityKeyboard.app */ = {isa = PBXFileReference; explicitFileType = wrapper.application; includeInIndex = 0; path = NoProfanityKeyboard.app; sourceTree = BUILT_PRODUCTS_DIR; };
		595A017E1D5EA22500F826F3 /* AppDelegate.swift */ = {isa = PBXFileReference; lastKnownFileType = sourcecode.swift; path = AppDelegate.swift; sourceTree = "<group>"; };
		595A01801D5EA22500F826F3 /* ViewController.swift */ = {isa = PBXFileReference; lastKnownFileType = sourcecode.swift; path = ViewController.swift; sourceTree = "<group>"; };
		595A01831D5EA22500F826F3 /* Base */ = {isa = PBXFileReference; lastKnownFileType = file.storyboard; name = Base; path = Base.lproj/Main.storyboard; sourceTree = "<group>"; };
		595A01851D5EA22500F826F3 /* Assets.xcassets */ = {isa = PBXFileReference; lastKnownFileType = folder.assetcatalog; path = Assets.xcassets; sourceTree = "<group>"; };
		595A01881D5EA22500F826F3 /* Base */ = {isa = PBXFileReference; lastKnownFileType = file.storyboard; name = Base; path = Base.lproj/LaunchScreen.storyboard; sourceTree = "<group>"; };
		595A018A1D5EA22500F826F3 /* Info.plist */ = {isa = PBXFileReference; lastKnownFileType = text.plist.xml; path = Info.plist; sourceTree = "<group>"; };
		595A01941D5EA25500F826F3 /* keyboard.appex */ = {isa = PBXFileReference; explicitFileType = "wrapper.app-extension"; includeInIndex = 0; path = keyboard.appex; sourceTree = BUILT_PRODUCTS_DIR; };
		595A01961D5EA25500F826F3 /* KeyboardViewController.swift */ = {isa = PBXFileReference; lastKnownFileType = sourcecode.swift; path = KeyboardViewController.swift; sourceTree = "<group>"; };
		595A01981D5EA25500F826F3 /* Info.plist */ = {isa = PBXFileReference; lastKnownFileType = text.plist.xml; path = Info.plist; sourceTree = "<group>"; };
		59D3D18A1D60816A00172EFE /* StatisticVC.swift */ = {isa = PBXFileReference; fileEncoding = 4; lastKnownFileType = sourcecode.swift; path = StatisticVC.swift; sourceTree = "<group>"; };
		59D3D18C1D60818000172EFE /* GraphVC.swift */ = {isa = PBXFileReference; fileEncoding = 4; lastKnownFileType = sourcecode.swift; path = GraphVC.swift; sourceTree = "<group>"; };
		59D3D1901D608D6C00172EFE /* CustomCell.swift */ = {isa = PBXFileReference; fileEncoding = 4; lastKnownFileType = sourcecode.swift; name = CustomCell.swift; path = ../CustomCell.swift; sourceTree = "<group>"; };
		59D3D1911D608D6C00172EFE /* CustomCell.xib */ = {isa = PBXFileReference; fileEncoding = 4; lastKnownFileType = file.xib; name = CustomCell.xib; path = ../CustomCell.xib; sourceTree = "<group>"; };
		59D3D1961D609BB600172EFE /* Suggestion.swift */ = {isa = PBXFileReference; fileEncoding = 4; lastKnownFileType = sourcecode.swift; path = Suggestion.swift; sourceTree = "<group>"; };
		59D3D1981D609BC300172EFE /* View.xib */ = {isa = PBXFileReference; fileEncoding = 4; lastKnownFileType = file.xib; path = View.xib; sourceTree = "<group>"; };
/* End PBXFileReference section */

/* Begin PBXFrameworksBuildPhase section */
		595A01781D5EA22500F826F3 /* Frameworks */ = {
			isa = PBXFrameworksBuildPhase;
			buildActionMask = 2147483647;
			files = (
			);
			runOnlyForDeploymentPostprocessing = 0;
		};
		595A01911D5EA25500F826F3 /* Frameworks */ = {
			isa = PBXFrameworksBuildPhase;
			buildActionMask = 2147483647;
			files = (
			);
			runOnlyForDeploymentPostprocessing = 0;
		};
/* End PBXFrameworksBuildPhase section */

/* Begin PBXGroup section */
		595A01721D5EA22500F826F3 = {
			isa = PBXGroup;
			children = (
				595A017D1D5EA22500F826F3 /* NoProfanityKeyboard */,
				595A01951D5EA25500F826F3 /* keyboard */,
				595A017C1D5EA22500F826F3 /* Products */,
			);
			sourceTree = "<group>";
		};
		595A017C1D5EA22500F826F3 /* Products */ = {
			isa = PBXGroup;
			children = (
				595A017B1D5EA22500F826F3 /* NoProfanityKeyboard.app */,
				595A01941D5EA25500F826F3 /* keyboard.appex */,
			);
			name = Products;
			sourceTree = "<group>";
		};
		595A017D1D5EA22500F826F3 /* NoProfanityKeyboard */ = {
			isa = PBXGroup;
			children = (
				59D3D1951D60904E00172EFE /* ViewController */,
				59D3D1941D60903D00172EFE /* custom */,
				595A017E1D5EA22500F826F3 /* AppDelegate.swift */,
				595A01821D5EA22500F826F3 /* Main.storyboard */,
				595A01851D5EA22500F826F3 /* Assets.xcassets */,
				595A01871D5EA22500F826F3 /* LaunchScreen.storyboard */,
				595A018A1D5EA22500F826F3 /* Info.plist */,
			);
			path = NoProfanityKeyboard;
			sourceTree = "<group>";
		};
		595A01951D5EA25500F826F3 /* keyboard */ = {
			isa = PBXGroup;
			children = (
				595A01961D5EA25500F826F3 /* KeyboardViewController.swift */,
				595A01981D5EA25500F826F3 /* Info.plist */,
				59D3D1961D609BB600172EFE /* Suggestion.swift */,
				59D3D1981D609BC300172EFE /* View.xib */,
			);
			path = keyboard;
			sourceTree = "<group>";
		};
		59D3D1941D60903D00172EFE /* custom */ = {
			isa = PBXGroup;
			children = (
				59D3D1901D608D6C00172EFE /* CustomCell.swift */,
				59D3D1911D608D6C00172EFE /* CustomCell.xib */,
			);
			name = custom;
			sourceTree = "<group>";
		};
		59D3D1951D60904E00172EFE /* ViewController */ = {
			isa = PBXGroup;
			children = (
				595A01801D5EA22500F826F3 /* ViewController.swift */,
				59D3D18A1D60816A00172EFE /* StatisticVC.swift */,
				59D3D18C1D60818000172EFE /* GraphVC.swift */,
			);
			name = ViewController;
			sourceTree = "<group>";
		};
/* End PBXGroup section */

/* Begin PBXNativeTarget section */
		595A017A1D5EA22500F826F3 /* NoProfanityKeyboard */ = {
			isa = PBXNativeTarget;
			buildConfigurationList = 595A018D1D5EA22500F826F3 /* Build configuration list for PBXNativeTarget "NoProfanityKeyboard" */;
			buildPhases = (
				595A01771D5EA22500F826F3 /* Sources */,
				595A01781D5EA22500F826F3 /* Frameworks */,
				595A01791D5EA22500F826F3 /* Resources */,
				595A019F1D5EA25500F826F3 /* Embed App Extensions */,
			);
			buildRules = (
			);
			dependencies = (
				595A019A1D5EA25500F826F3 /* PBXTargetDependency */,
			);
			name = NoProfanityKeyboard;
			productName = NoProfanityKeyboard;
			productReference = 595A017B1D5EA22500F826F3 /* NoProfanityKeyboard.app */;
			productType = "com.apple.product-type.application";
		};
		595A01931D5EA25500F826F3 /* keyboard */ = {
			isa = PBXNativeTarget;
			buildConfigurationList = 595A019C1D5EA25500F826F3 /* Build configuration list for PBXNativeTarget "keyboard" */;
			buildPhases = (
				595A01901D5EA25500F826F3 /* Sources */,
				595A01911D5EA25500F826F3 /* Frameworks */,
				595A01921D5EA25500F826F3 /* Resources */,
			);
			buildRules = (
			);
			dependencies = (
			);
			name = keyboard;
			productName = keyboard;
			productReference = 595A01941D5EA25500F826F3 /* keyboard.appex */;
			productType = "com.apple.product-type.app-extension";
		};
/* End PBXNativeTarget section */

/* Begin PBXProject section */
		595A01731D5EA22500F826F3 /* Project object */ = {
			isa = PBXProject;
			attributes = {
				LastSwiftUpdateCheck = 0730;
				LastUpgradeCheck = 0730;
				ORGANIZATIONNAME = "이경문";
				TargetAttributes = {
					595A017A1D5EA22500F826F3 = {
						CreatedOnToolsVersion = 7.3.1;
					};
					595A01931D5EA25500F826F3 = {
						CreatedOnToolsVersion = 7.3.1;
					};
				};
			};
			buildConfigurationList = 595A01761D5EA22500F826F3 /* Build configuration list for PBXProject "NoProfanityKeyboard" */;
			compatibilityVersion = "Xcode 3.2";
			developmentRegion = English;
			hasScannedForEncodings = 0;
			knownRegions = (
				en,
				Base,
			);
			mainGroup = 595A01721D5EA22500F826F3;
			productRefGroup = 595A017C1D5EA22500F826F3 /* Products */;
			projectDirPath = "";
			projectRoot = "";
			targets = (
				595A017A1D5EA22500F826F3 /* NoProfanityKeyboard */,
				595A01931D5EA25500F826F3 /* keyboard */,
			);
		};
/* End PBXProject section */

/* Begin PBXResourcesBuildPhase section */
		595A01791D5EA22500F826F3 /* Resources */ = {
			isa = PBXResourcesBuildPhase;
			buildActionMask = 2147483647;
			files = (
				595A01891D5EA22500F826F3 /* LaunchScreen.storyboard in Resources */,
				595A01861D5EA22500F826F3 /* Assets.xcassets in Resources */,
				59D3D1931D608D6C00172EFE /* CustomCell.xib in Resources */,
				595A01841D5EA22500F826F3 /* Main.storyboard in Resources */,
			);
			runOnlyForDeploymentPostprocessing = 0;
		};
		595A01921D5EA25500F826F3 /* Resources */ = {
			isa = PBXResourcesBuildPhase;
			buildActionMask = 2147483647;
			files = (
				59D3D1991D609BC300172EFE /* View.xib in Resources */,
			);
			runOnlyForDeploymentPostprocessing = 0;
		};
/* End PBXResourcesBuildPhase section */

/* Begin PBXSourcesBuildPhase section */
		595A01771D5EA22500F826F3 /* Sources */ = {
			isa = PBXSourcesBuildPhase;
			buildActionMask = 2147483647;
			files = (
				59D3D18B1D60816A00172EFE /* StatisticVC.swift in Sources */,
				595A01811D5EA22500F826F3 /* ViewController.swift in Sources */,
				59D3D1921D608D6C00172EFE /* CustomCell.swift in Sources */,
				595A017F1D5EA22500F826F3 /* AppDelegate.swift in Sources */,
				59D3D18D1D60818000172EFE /* GraphVC.swift in Sources */,
			);
			runOnlyForDeploymentPostprocessing = 0;
		};
		595A01901D5EA25500F826F3 /* Sources */ = {
			isa = PBXSourcesBuildPhase;
			buildActionMask = 2147483647;
			files = (
				595A01971D5EA25500F826F3 /* KeyboardViewController.swift in Sources */,
				59D3D1971D609BB600172EFE /* Suggestion.swift in Sources */,
			);
			runOnlyForDeploymentPostprocessing = 0;
		};
/* End PBXSourcesBuildPhase section */

/* Begin PBXTargetDependency section */
		595A019A1D5EA25500F826F3 /* PBXTargetDependency */ = {
			isa = PBXTargetDependency;
			target = 595A01931D5EA25500F826F3 /* keyboard */;
			targetProxy = 595A01991D5EA25500F826F3 /* PBXContainerItemProxy */;
		};
/* End PBXTargetDependency section */

/* Begin PBXVariantGroup section */
		595A01821D5EA22500F826F3 /* Main.storyboard */ = {
			isa = PBXVariantGroup;
			children = (
				595A01831D5EA22500F826F3 /* Base */,
			);
			name = Main.storyboard;
			sourceTree = "<group>";
		};
		595A01871D5EA22500F826F3 /* LaunchScreen.storyboard */ = {
			isa = PBXVariantGroup;
			children = (
				595A01881D5EA22500F826F3 /* Base */,
			);
			name = LaunchScreen.storyboard;
			sourceTree = "<group>";
		};
/* End PBXVariantGroup section */

/* Begin XCBuildConfiguration section */
		595A018B1D5EA22500F826F3 /* Debug */ = {
			isa = XCBuildConfiguration;
			buildSettings = {
				ALWAYS_SEARCH_USER_PATHS = NO;
				CLANG_ANALYZER_NONNULL = YES;
				CLANG_CXX_LANGUAGE_STANDARD = "gnu++0x";
				CLANG_CXX_LIBRARY = "libc++";
				CLANG_ENABLE_MODULES = YES;
				CLANG_ENABLE_OBJC_ARC = YES;
				CLANG_WARN_BOOL_CONVERSION = YES;
				CLANG_WARN_CONSTANT_CONVERSION = YES;
				CLANG_WARN_DIRECT_OBJC_ISA_USAGE = YES_ERROR;
				CLANG_WARN_EMPTY_BODY = YES;
				CLANG_WARN_ENUM_CONVERSION = YES;
				CLANG_WARN_INT_CONVERSION = YES;
				CLANG_WARN_OBJC_ROOT_CLASS = YES_ERROR;
				CLANG_WARN_UNREACHABLE_CODE = YES;
				CLANG_WARN__DUPLICATE_METHOD_MATCH = YES;
				"CODE_SIGN_IDENTITY[sdk=iphoneos*]" = "iPhone Developer";
				COPY_PHASE_STRIP = NO;
				DEBUG_INFORMATION_FORMAT = dwarf;
				ENABLE_STRICT_OBJC_MSGSEND = YES;
				ENABLE_TESTABILITY = YES;
				GCC_C_LANGUAGE_STANDARD = gnu99;
				GCC_DYNAMIC_NO_PIC = NO;
				GCC_NO_COMMON_BLOCKS = YES;
				GCC_OPTIMIZATION_LEVEL = 0;
				GCC_PREPROCESSOR_DEFINITIONS = (
					"DEBUG=1",
					"$(inherited)",
				);
				GCC_WARN_64_TO_32_BIT_CONVERSION = YES;
				GCC_WARN_ABOUT_RETURN_TYPE = YES_ERROR;
				GCC_WARN_UNDECLARED_SELECTOR = YES;
				GCC_WARN_UNINITIALIZED_AUTOS = YES_AGGRESSIVE;
				GCC_WARN_UNUSED_FUNCTION = YES;
				GCC_WARN_UNUSED_VARIABLE = YES;
				IPHONEOS_DEPLOYMENT_TARGET = 9.3;
				MTL_ENABLE_DEBUG_INFO = YES;
				ONLY_ACTIVE_ARCH = YES;
				SDKROOT = iphoneos;
				SWIFT_OPTIMIZATION_LEVEL = "-Onone";
			};
			name = Debug;
		};
		595A018C1D5EA22500F826F3 /* Release */ = {
			isa = XCBuildConfiguration;
			buildSettings = {
				ALWAYS_SEARCH_USER_PATHS = NO;
				CLANG_ANALYZER_NONNULL = YES;
				CLANG_CXX_LANGUAGE_STANDARD = "gnu++0x";
				CLANG_CXX_LIBRARY = "libc++";
				CLANG_ENABLE_MODULES = YES;
				CLANG_ENABLE_OBJC_ARC = YES;
				CLANG_WARN_BOOL_CONVERSION = YES;
				CLANG_WARN_CONSTANT_CONVERSION = YES;
				CLANG_WARN_DIRECT_OBJC_ISA_USAGE = YES_ERROR;
				CLANG_WARN_EMPTY_BODY = YES;
				CLANG_WARN_ENUM_CONVERSION = YES;
				CLANG_WARN_INT_CONVERSION = YES;
				CLANG_WARN_OBJC_ROOT_CLASS = YES_ERROR;
				CLANG_WARN_UNREACHABLE_CODE = YES;
				CLANG_WARN__DUPLICATE_METHOD_MATCH = YES;
				"CODE_SIGN_IDENTITY[sdk=iphoneos*]" = "iPhone Developer";
				COPY_PHASE_STRIP = NO;
				DEBUG_INFORMATION_FORMAT = "dwarf-with-dsym";
				ENABLE_NS_ASSERTIONS = NO;
				ENABLE_STRICT_OBJC_MSGSEND = YES;
				GCC_C_LANGUAGE_STANDARD = gnu99;
				GCC_NO_COMMON_BLOCKS = YES;
				GCC_WARN_64_TO_32_BIT_CONVERSION = YES;
				GCC_WARN_ABOUT_RETURN_TYPE = YES_ERROR;
				GCC_WARN_UNDECLARED_SELECTOR = YES;
				GCC_WARN_UNINITIALIZED_AUTOS = YES_AGGRESSIVE;
				GCC_WARN_UNUSED_FUNCTION = YES;
				GCC_WARN_UNUSED_VARIABLE = YES;
				IPHONEOS_DEPLOYMENT_TARGET = 9.3;
				MTL_ENABLE_DEBUG_INFO = NO;
				SDKROOT = iphoneos;
				VALIDATE_PRODUCT = YES;
			};
			name = Release;
		};
		595A018E1D5EA22500F826F3 /* Debug */ = {
			isa = XCBuildConfiguration;
			buildSettings = {
				ASSETCATALOG_COMPILER_APPICON_NAME = AppIcon;
				EMBEDDED_CONTENT_CONTAINS_SWIFT = YES;
				INFOPLIST_FILE = NoProfanityKeyboard/Info.plist;
				LD_RUNPATH_SEARCH_PATHS = "$(inherited) @executable_path/Frameworks";
				PRODUCT_BUNDLE_IDENTIFIER = kyungmonlee.NoProfanityKeyboard;
				PRODUCT_NAME = "$(TARGET_NAME)";
			};
			name = Debug;
		};
		595A018F1D5EA22500F826F3 /* Release */ = {
			isa = XCBuildConfiguration;
			buildSettings = {
				ASSETCATALOG_COMPILER_APPICON_NAME = AppIcon;
				EMBEDDED_CONTENT_CONTAINS_SWIFT = YES;
				INFOPLIST_FILE = NoProfanityKeyboard/Info.plist;
				LD_RUNPATH_SEARCH_PATHS = "$(inherited) @executable_path/Frameworks";
				PRODUCT_BUNDLE_IDENTIFIER = kyungmonlee.NoProfanityKeyboard;
				PRODUCT_NAME = "$(TARGET_NAME)";
			};
			name = Release;
		};
		595A019D1D5EA25500F826F3 /* Debug */ = {
			isa = XCBuildConfiguration;
			buildSettings = {
				INFOPLIST_FILE = keyboard/Info.plist;
				LD_RUNPATH_SEARCH_PATHS = "$(inherited) @executable_path/Frameworks @executable_path/../../Frameworks";
				PRODUCT_BUNDLE_IDENTIFIER = kyungmonlee.NoProfanityKeyboard.keyboard;
				PRODUCT_NAME = "$(TARGET_NAME)";
				SKIP_INSTALL = YES;
			};
			name = Debug;
		};
		595A019E1D5EA25500F826F3 /* Release */ = {
			isa = XCBuildConfiguration;
			buildSettings = {
				INFOPLIST_FILE = keyboard/Info.plist;
				LD_RUNPATH_SEARCH_PATHS = "$(inherited) @executable_path/Frameworks @executable_path/../../Frameworks";
				PRODUCT_BUNDLE_IDENTIFIER = kyungmonlee.NoProfanityKeyboard.keyboard;
				PRODUCT_NAME = "$(TARGET_NAME)";
				SKIP_INSTALL = YES;
			};
			name = Release;
		};
/* End XCBuildConfiguration section */

/* Begin XCConfigurationList section */
		595A01761D5EA22500F826F3 /* Build configuration list for PBXProject "NoProfanityKeyboard" */ = {
			isa = XCConfigurationList;
			buildConfigurations = (
				595A018B1D5EA22500F826F3 /* Debug */,
				595A018C1D5EA22500F826F3 /* Release */,
			);
			defaultConfigurationIsVisible = 0;
			defaultConfigurationName = Release;
		};
		595A018D1D5EA22500F826F3 /* Build configuration list for PBXNativeTarget "NoProfanityKeyboard" */ = {
			isa = XCConfigurationList;
			buildConfigurations = (
				595A018E1D5EA22500F826F3 /* Debug */,
				595A018F1D5EA22500F826F3 /* Release */,
			);
			defaultConfigurationIsVisible = 0;
			defaultConfigurationName = Release;
		};
		595A019C1D5EA25500F826F3 /* Build configuration list for PBXNativeTarget "keyboard" */ = {
			isa = XCConfigurationList;
			buildConfigurations = (
				595A019D1D5EA25500F826F3 /* Debug */,
				595A019E1D5EA25500F826F3 /* Release */,
			);
			defaultConfigurationIsVisible = 0;
			defaultConfigurationName = Release;
		};
/* End XCConfigurationList section */
	};
	rootObject = 595A01731D5EA22500F826F3 /* Project object */;
}
